
Microsoft Visual Studio Solution File, Format Version 12.00
# Visual Studio Version 17
VisualStudioVersion = 17.14.36414.22 d17.14
MinimumVisualStudioVersion = 10.0.40219.1
Project("{FAE04EC0-301F-11D3-BF4B-00C04F79EFBC}") = "JobTracker.API", "JobTracker.API.csproj", "{6EB6B4F6-4406-4F8F-8CE3-BD33C6655089}"
EndProject
Global
	GlobalSection(SolutionConfigurationPlatforms) = preSolution
		Debug|Any CPU = Debug|Any CPU
		Release|Any CPU = Release|Any CPU
	EndGlobalSection
	GlobalSection(ProjectConfigurationPlatforms) = postSolution
		{6EB6B4F6-4406-4F8F-8CE3-BD33C6655089}.Debug|Any CPU.ActiveCfg = Debug|Any CPU
		{6EB6B4F6-4406-4F8F-8CE3-BD33C6655089}.Debug|Any CPU.Build.0 = Debug|Any CPU
		{6EB6B4F6-4406-4F8F-8CE3-BD33C6655089}.Release|Any CPU.ActiveCfg = Release|Any CPU
		{6EB6B4F6-4406-4F8F-8CE3-BD33C6655089}.Release|Any CPU.Build.0 = Release|Any CPU
	EndGlobalSection
	GlobalSection(SolutionProperties) = preSolution
		HideSolutionNode = FALSE
	EndGlobalSection
	GlobalSection(ExtensibilityGlobals) = postSolution
		SolutionGuid = {3CDAF9A7-28D9-4B55-86C4-8F7124364E4B}
	EndGlobalSection
EndGlobal
